
Microsoft Visual Studio Solution File, Format Version 12.00
# Visual Studio Version 16
VisualStudioVersion = 16.0.30406.217
MinimumVisualStudioVersion = 10.0.40219.1
Project("{FAE04EC0-301F-11D3-BF4B-00C04F79EFBC}") = "CodingSmithSignalRTutorial", "CodingSmithSignalRTutorial\CodingSmithSignalRTutorial.csproj", "{ABD5E735-8E2A-42B3-9AEE-34A6DBAA4EE4}"
EndProject
Global
	GlobalSection(SolutionConfigurationPlatforms) = preSolution
		Debug|Any CPU = Debug|Any CPU
		Release|Any CPU = Release|Any CPU
	EndGlobalSection
	GlobalSection(ProjectConfigurationPlatforms) = postSolution
		{ABD5E735-8E2A-42B3-9AEE-34A6DBAA4EE4}.Debug|Any CPU.ActiveCfg = Debug|Any CPU
		{ABD5E735-8E2A-42B3-9AEE-34A6DBAA4EE4}.Debug|Any CPU.Build.0 = Debug|Any CPU
		{ABD5E735-8E2A-42B3-9AEE-34A6DBAA4EE4}.Release|Any CPU.ActiveCfg = Release|Any CPU
		{ABD5E735-8E2A-42B3-9AEE-34A6DBAA4EE4}.Release|Any CPU.Build.0 = Release|Any CPU
	EndGlobalSection
	GlobalSection(SolutionProperties) = preSolution
		HideSolutionNode = FALSE
	EndGlobalSection
	GlobalSection(ExtensibilityGlobals) = postSolution
		SolutionGuid = {4991CC0E-2528-442A-993B-48FC8226B0B1}
	EndGlobalSection
EndGlobal
